
Microsoft Visual Studio Solution File, Format Version 12.00
# Visual Studio Version 17
VisualStudioVersion = 17.8.34408.163
MinimumVisualStudioVersion = 10.0.40219.1
Project("{FAE04EC0-301F-11D3-BF4B-00C04F79EFBC}") = "GA_BubbleSort_SSuleman", "GA_BubbleSort_SSuleman\GA_BubbleSort_SSuleman.csproj", "{14811337-574D-4540-8A32-9BF72A405818}"
EndProject
Global
	GlobalSection(SolutionConfigurationPlatforms) = preSolution
		Debug|Any CPU = Debug|Any CPU
		Release|Any CPU = Release|Any CPU
	EndGlobalSection
	GlobalSection(ProjectConfigurationPlatforms) = postSolution
		{14811337-574D-4540-8A32-9BF72A405818}.Debug|Any CPU.ActiveCfg = Debug|Any CPU
		{14811337-574D-4540-8A32-9BF72A405818}.Debug|Any CPU.Build.0 = Debug|Any CPU
		{14811337-574D-4540-8A32-9BF72A405818}.Release|Any CPU.ActiveCfg = Release|Any CPU
		{14811337-574D-4540-8A32-9BF72A405818}.Release|Any CPU.Build.0 = Release|Any CPU
	EndGlobalSection
	GlobalSection(SolutionProperties) = preSolution
		HideSolutionNode = FALSE
	EndGlobalSection
	GlobalSection(ExtensibilityGlobals) = postSolution
		SolutionGuid = {97DD2CEA-6192-4B95-8943-32A970D8D094}
	EndGlobalSection
EndGlobal
